
Microsoft Visual Studio Solution File, Format Version 12.00
# Visual Studio 15
VisualStudioVersion = 15.0.27703.2026
MinimumVisualStudioVersion = 10.0.40219.1
Project("{FAE04EC0-301F-11D3-BF4B-00C04F79EFBC}") = "NiceTennisDenis", "NiceTennisDenis\NiceTennisDenis.csproj", "{CBD54A15-DC1E-40C6-97B2-0240E9D00435}"
EndProject
Project("{FAE04EC0-301F-11D3-BF4B-00C04F79EFBC}") = "NiceTennisDenisIntegrationTests", "NiceTennisDenisIntegrationTests\NiceTennisDenisIntegrationTests.csproj", "{A96547C2-5086-4819-A1BB-C7340DA74EF2}"
EndProject
Project("{FAE04EC0-301F-11D3-BF4B-00C04F79EFBC}") = "NiceTennisDenisImport", "NiceTennisDenisImport\NiceTennisDenisImport.csproj", "{2280AC76-95C9-4E02-A73E-B6F42D468183}"
EndProject
Project("{9A19103F-16F7-4668-BE54-9A1E7A4F7556}") = "NiceTennisDenisCore", "NiceTennisDenisCore\NiceTennisDenisCore.csproj", "{301D3643-E4BF-4E8D-9FAD-E9AF36311B7B}"
EndProject
Project("{FAE04EC0-301F-11D3-BF4B-00C04F79EFBC}") = "NiceTennisDenisTool", "NiceTennisDenisTool\NiceTennisDenisTool.csproj", "{9BA1A33C-D2D0-4ED6-A1AE-4BB3CB84DDA3}"
EndProject
Global
	GlobalSection(SolutionConfigurationPlatforms) = preSolution
		Debug|Any CPU = Debug|Any CPU
		Release|Any CPU = Release|Any CPU
	EndGlobalSection
	GlobalSection(ProjectConfigurationPlatforms) = postSolution
		{CBD54A15-DC1E-40C6-97B2-0240E9D00435}.Debug|Any CPU.ActiveCfg = Debug|Any CPU
		{CBD54A15-DC1E-40C6-97B2-0240E9D00435}.Debug|Any CPU.Build.0 = Debug|Any CPU
		{CBD54A15-DC1E-40C6-97B2-0240E9D00435}.Release|Any CPU.ActiveCfg = Release|Any CPU
		{CBD54A15-DC1E-40C6-97B2-0240E9D00435}.Release|Any CPU.Build.0 = Release|Any CPU
		{A96547C2-5086-4819-A1BB-C7340DA74EF2}.Debug|Any CPU.ActiveCfg = Debug|Any CPU
		{A96547C2-5086-4819-A1BB-C7340DA74EF2}.Debug|Any CPU.Build.0 = Debug|Any CPU
		{A96547C2-5086-4819-A1BB-C7340DA74EF2}.Release|Any CPU.ActiveCfg = Release|Any CPU
		{A96547C2-5086-4819-A1BB-C7340DA74EF2}.Release|Any CPU.Build.0 = Release|Any CPU
		{2280AC76-95C9-4E02-A73E-B6F42D468183}.Debug|Any CPU.ActiveCfg = Debug|Any CPU
		{2280AC76-95C9-4E02-A73E-B6F42D468183}.Debug|Any CPU.Build.0 = Debug|Any CPU
		{2280AC76-95C9-4E02-A73E-B6F42D468183}.Release|Any CPU.ActiveCfg = Release|Any CPU
		{2280AC76-95C9-4E02-A73E-B6F42D468183}.Release|Any CPU.Build.0 = Release|Any CPU
		{301D3643-E4BF-4E8D-9FAD-E9AF36311B7B}.Debug|Any CPU.ActiveCfg = Debug|Any CPU
		{301D3643-E4BF-4E8D-9FAD-E9AF36311B7B}.Debug|Any CPU.Build.0 = Debug|Any CPU
		{301D3643-E4BF-4E8D-9FAD-E9AF36311B7B}.Release|Any CPU.ActiveCfg = Release|Any CPU
		{301D3643-E4BF-4E8D-9FAD-E9AF36311B7B}.Release|Any CPU.Build.0 = Release|Any CPU
		{9BA1A33C-D2D0-4ED6-A1AE-4BB3CB84DDA3}.Debug|Any CPU.ActiveCfg = Debug|Any CPU
		{9BA1A33C-D2D0-4ED6-A1AE-4BB3CB84DDA3}.Debug|Any CPU.Build.0 = Debug|Any CPU
		{9BA1A33C-D2D0-4ED6-A1AE-4BB3CB84DDA3}.Release|Any CPU.ActiveCfg = Release|Any CPU
		{9BA1A33C-D2D0-4ED6-A1AE-4BB3CB84DDA3}.Release|Any CPU.Build.0 = Release|Any CPU
	EndGlobalSection
	GlobalSection(SolutionProperties) = preSolution
		HideSolutionNode = FALSE
	EndGlobalSection
	GlobalSection(ExtensibilityGlobals) = postSolution
		SolutionGuid = {D3A38F53-972A-4588-AEEB-607DE917CB2C}
	EndGlobalSection
EndGlobal
